
Microsoft Visual Studio Solution File, Format Version 12.00
# Visual Studio 2012
Project("{FAE04EC0-301F-11D3-BF4B-00C04F79EFBC}") = "Jaycar Data Logger Interface", "Jaycar Data Logger Interface\Jaycar Data Logger Interface.csproj", "{AC958CBF-C051-4C01-9C24-7BB6920468E1}"
EndProject
Global
	GlobalSection(SolutionConfigurationPlatforms) = preSolution
		Debug|Any CPU = Debug|Any CPU
		Release|Any CPU = Release|Any CPU
	EndGlobalSection
	GlobalSection(ProjectConfigurationPlatforms) = postSolution
		{AC958CBF-C051-4C01-9C24-7BB6920468E1}.Debug|Any CPU.ActiveCfg = Debug|Any CPU
		{AC958CBF-C051-4C01-9C24-7BB6920468E1}.Debug|Any CPU.Build.0 = Debug|Any CPU
		{AC958CBF-C051-4C01-9C24-7BB6920468E1}.Release|Any CPU.ActiveCfg = Release|Any CPU
		{AC958CBF-C051-4C01-9C24-7BB6920468E1}.Release|Any CPU.Build.0 = Release|Any CPU
	EndGlobalSection
	GlobalSection(SolutionProperties) = preSolution
		HideSolutionNode = FALSE
	EndGlobalSection
EndGlobal
